
Microsoft Visual Studio Solution File, Format Version 12.00
# Visual Studio 15
VisualStudioVersion = 15.0.27703.2047
MinimumVisualStudioVersion = 10.0.40219.1
Project("{FAE04EC0-301F-11D3-BF4B-00C04F79EFBC}") = "Givemin5.HtmlAgilityDemo", "Givemin5.HtmlAgilityDemo\Givemin5.HtmlAgilityDemo.csproj", "{5F21A5DE-F62C-40B6-8E66-6FC87F303A7F}"
EndProject
Global
	GlobalSection(SolutionConfigurationPlatforms) = preSolution
		Debug|Any CPU = Debug|Any CPU
		Release|Any CPU = Release|Any CPU
	EndGlobalSection
	GlobalSection(ProjectConfigurationPlatforms) = postSolution
		{5F21A5DE-F62C-40B6-8E66-6FC87F303A7F}.Debug|Any CPU.ActiveCfg = Debug|Any CPU
		{5F21A5DE-F62C-40B6-8E66-6FC87F303A7F}.Debug|Any CPU.Build.0 = Debug|Any CPU
		{5F21A5DE-F62C-40B6-8E66-6FC87F303A7F}.Release|Any CPU.ActiveCfg = Release|Any CPU
		{5F21A5DE-F62C-40B6-8E66-6FC87F303A7F}.Release|Any CPU.Build.0 = Release|Any CPU
	EndGlobalSection
	GlobalSection(SolutionProperties) = preSolution
		HideSolutionNode = FALSE
	EndGlobalSection
	GlobalSection(ExtensibilityGlobals) = postSolution
		SolutionGuid = {641843D7-CE60-4CA5-AAF2-0F2B7A29A7D3}
	EndGlobalSection
EndGlobal
